
Microsoft Visual Studio Solution File, Format Version 12.00
# Visual Studio Version 17
VisualStudioVersion = 17.0.31903.59
MinimumVisualStudioVersion = 10.0.40219.1
Project("{2150E333-8FDC-42A3-9474-1A3956D46DE8}") = "src", "src", "{827E0CD3-B72D-47B6-A68D-7590B98EB39B}"
EndProject
Project("{FAE04EC0-301F-11D3-BF4B-00C04F79EFBC}") = "ClienteCrud.Web", "src\ClienteCrud.Web\ClienteCrud.Web.csproj", "{4D2E5873-26B7-412D-AA97-89AEFDBDF8FC}"
EndProject
Project("{FAE04EC0-301F-11D3-BF4B-00C04F79EFBC}") = "ClienteCrud.Core", "src\ClienteCrud.Core\ClienteCrud.Core.csproj", "{99D8A6AD-5890-4640-B845-B866DB023614}"
EndProject
Project("{FAE04EC0-301F-11D3-BF4B-00C04F79EFBC}") = "ClienteCrud.Infra", "src\ClienteCrud.Infra\ClienteCrud.Infra.csproj", "{73FC807E-342B-42F3-955E-697C4A6F0202}"
EndProject
Global
	GlobalSection(SolutionConfigurationPlatforms) = preSolution
		Debug|Any CPU = Debug|Any CPU
		Debug|x64 = Debug|x64
		Debug|x86 = Debug|x86
		Release|Any CPU = Release|Any CPU
		Release|x64 = Release|x64
		Release|x86 = Release|x86
	EndGlobalSection
	GlobalSection(ProjectConfigurationPlatforms) = postSolution
		{4D2E5873-26B7-412D-AA97-89AEFDBDF8FC}.Debug|Any CPU.ActiveCfg = Debug|Any CPU
		{4D2E5873-26B7-412D-AA97-89AEFDBDF8FC}.Debug|Any CPU.Build.0 = Debug|Any CPU
		{4D2E5873-26B7-412D-AA97-89AEFDBDF8FC}.Debug|x64.ActiveCfg = Debug|Any CPU
		{4D2E5873-26B7-412D-AA97-89AEFDBDF8FC}.Debug|x64.Build.0 = Debug|Any CPU
		{4D2E5873-26B7-412D-AA97-89AEFDBDF8FC}.Debug|x86.ActiveCfg = Debug|Any CPU
		{4D2E5873-26B7-412D-AA97-89AEFDBDF8FC}.Debug|x86.Build.0 = Debug|Any CPU
		{4D2E5873-26B7-412D-AA97-89AEFDBDF8FC}.Release|Any CPU.ActiveCfg = Release|Any CPU
		{4D2E5873-26B7-412D-AA97-89AEFDBDF8FC}.Release|Any CPU.Build.0 = Release|Any CPU
		{4D2E5873-26B7-412D-AA97-89AEFDBDF8FC}.Release|x64.ActiveCfg = Release|Any CPU
		{4D2E5873-26B7-412D-AA97-89AEFDBDF8FC}.Release|x64.Build.0 = Release|Any CPU
		{4D2E5873-26B7-412D-AA97-89AEFDBDF8FC}.Release|x86.ActiveCfg = Release|Any CPU
		{4D2E5873-26B7-412D-AA97-89AEFDBDF8FC}.Release|x86.Build.0 = Release|Any CPU
		{99D8A6AD-5890-4640-B845-B866DB023614}.Debug|Any CPU.ActiveCfg = Debug|Any CPU
		{99D8A6AD-5890-4640-B845-B866DB023614}.Debug|Any CPU.Build.0 = Debug|Any CPU
		{99D8A6AD-5890-4640-B845-B866DB023614}.Debug|x64.ActiveCfg = Debug|Any CPU
		{99D8A6AD-5890-4640-B845-B866DB023614}.Debug|x64.Build.0 = Debug|Any CPU
		{99D8A6AD-5890-4640-B845-B866DB023614}.Debug|x86.ActiveCfg = Debug|Any CPU
		{99D8A6AD-5890-4640-B845-B866DB023614}.Debug|x86.Build.0 = Debug|Any CPU
		{99D8A6AD-5890-4640-B845-B866DB023614}.Release|Any CPU.ActiveCfg = Release|Any CPU
		{99D8A6AD-5890-4640-B845-B866DB023614}.Release|Any CPU.Build.0 = Release|Any CPU
		{99D8A6AD-5890-4640-B845-B866DB023614}.Release|x64.ActiveCfg = Release|Any CPU
		{99D8A6AD-5890-4640-B845-B866DB023614}.Release|x64.Build.0 = Release|Any CPU
		{99D8A6AD-5890-4640-B845-B866DB023614}.Release|x86.ActiveCfg = Release|Any CPU
		{99D8A6AD-5890-4640-B845-B866DB023614}.Release|x86.Build.0 = Release|Any CPU
		{73FC807E-342B-42F3-955E-697C4A6F0202}.Debug|Any CPU.ActiveCfg = Debug|Any CPU
		{73FC807E-342B-42F3-955E-697C4A6F0202}.Debug|Any CPU.Build.0 = Debug|Any CPU
		{73FC807E-342B-42F3-955E-697C4A6F0202}.Debug|x64.ActiveCfg = Debug|Any CPU
		{73FC807E-342B-42F3-955E-697C4A6F0202}.Debug|x64.Build.0 = Debug|Any CPU
		{73FC807E-342B-42F3-955E-697C4A6F0202}.Debug|x86.ActiveCfg = Debug|Any CPU
		{73FC807E-342B-42F3-955E-697C4A6F0202}.Debug|x86.Build.0 = Debug|Any CPU
		{73FC807E-342B-42F3-955E-697C4A6F0202}.Release|Any CPU.ActiveCfg = Release|Any CPU
		{73FC807E-342B-42F3-955E-697C4A6F0202}.Release|Any CPU.Build.0 = Release|Any CPU
		{73FC807E-342B-42F3-955E-697C4A6F0202}.Release|x64.ActiveCfg = Release|Any CPU
		{73FC807E-342B-42F3-955E-697C4A6F0202}.Release|x64.Build.0 = Release|Any CPU
		{73FC807E-342B-42F3-955E-697C4A6F0202}.Release|x86.ActiveCfg = Release|Any CPU
		{73FC807E-342B-42F3-955E-697C4A6F0202}.Release|x86.Build.0 = Release|Any CPU
	EndGlobalSection
	GlobalSection(SolutionProperties) = preSolution
		HideSolutionNode = FALSE
	EndGlobalSection
	GlobalSection(NestedProjects) = preSolution
		{4D2E5873-26B7-412D-AA97-89AEFDBDF8FC} = {827E0CD3-B72D-47B6-A68D-7590B98EB39B}
		{99D8A6AD-5890-4640-B845-B866DB023614} = {827E0CD3-B72D-47B6-A68D-7590B98EB39B}
		{73FC807E-342B-42F3-955E-697C4A6F0202} = {827E0CD3-B72D-47B6-A68D-7590B98EB39B}
	EndGlobalSection
EndGlobal
